{
  "object": {
    "pins": [
      {
        "package": "CompositionalList",
        "repositoryURL": "https://github.com/jamesrochabrun/CompositionalList",
        "state": {
          "branch": null,
          "revision": "892328b0e14653e13ae1e8a5af0da3581ad3b1ad",
          "version": "1.0.0"
        }
      },
      {
        "package": "MarvelClient",
        "repositoryURL": "https://github.com/jamesrochabrun/MarvelClient",
        "state": {
          "branch": null,
          "revision": "1a93d163eacbe82bc0d3d62dbec3e64ce036baf7",
          "version": "1.0.3"
        }
      },
      {
        "package": "SDWebImage",
        "repositoryURL": "https://github.com/SDWebImage/SDWebImage.git",
        "state": {
          "branch": null,
          "revision": "564d238f8814c4a82502336fd80b28a9d321ff47",
          "version": "5.10.2"
        }
      },
      {
        "package": "SDWebImageSwiftUI",
        "repositoryURL": "https://github.com/SDWebImage/SDWebImageSwiftUI",
        "state": {
          "branch": null,
          "revision": "4c7f169e39bc35d6b80d42b8eb8301bee9cd0907",
          "version": "1.5.0"
        }
      }
    ]
  },
  "version": 1
}
