{
  "object": {
    "pins": [
      {
        "package": "CompositionalList",
        "repositoryURL": "https://github.com/jamesrochabrun/CompositionalList",
        "state": {
          "branch": null,
          "revision": "d0fd87583ad102169f9eeaa84fce22bb7adc6023",
          "version": "1.0.4"
        }
      },
      {
        "package": "MarvelClient",
        "repositoryURL": "https://github.com/jamesrochabrun/MarvelClient",
        "state": {
          "branch": null,
          "revision": "1a93d163eacbe82bc0d3d62dbec3e64ce036baf7",
          "version": "1.0.3"
        }
      },
      {
        "package": "SDWebImage",
        "repositoryURL": "https://github.com/SDWebImage/SDWebImage.git",
        "state": {
          "branch": null,
          "revision": "4aaca57fb2f6dc5554a2228cf1d94289bd0a6c7d",
          "version": "5.10.3"
        }
      },
      {
        "package": "SDWebImageSwiftUI",
        "repositoryURL": "https://github.com/SDWebImage/SDWebImageSwiftUI",
        "state": {
          "branch": null,
          "revision": "4c7f169e39bc35d6b80d42b8eb8301bee9cd0907",
          "version": "1.5.0"
        }
      }
    ]
  },
  "version": 1
}
