// !$*UTF8*$!
{
	archiveVersion = 1;
	classes = {
	};
	objectVersion = 52;
	objects = {

/* Begin PBXBuildFile section */
		7B0128F825B65F1F0040B70B /* CustomLayout.swift in Sources */ = {isa = PBXBuildFile; fileRef = 7B0128F725B65F1F0040B70B /* CustomLayout.swift */; };
		7B0997D225AEA7B4004E3DEE /* FeedGenerator.swift in Sources */ = {isa = PBXBuildFile; fileRef = 7B0997D125AEA7B4004E3DEE /* FeedGenerator.swift */; };
		7B0997DA25AEB7B9004E3DEE /* CombineAPI.swift in Sources */ = {isa = PBXBuildFile; fileRef = 7B0997D925AEB7B9004E3DEE /* CombineAPI.swift */; };
		7B0997DF25AEB8AC004E3DEE /* ItunesClient.swift in Sources */ = {isa = PBXBuildFile; fileRef = 7B0997DE25AEB8AC004E3DEE /* ItunesClient.swift */; };
		7B0997E425AEBBA2004E3DEE /* FeedItem.swift in Sources */ = {isa = PBXBuildFile; fileRef = 7B0997E325AEBBA2004E3DEE /* FeedItem.swift */; };
		7B0997EC25AEBC92004E3DEE /* Feed.swift in Sources */ = {isa = PBXBuildFile; fileRef = 7B0997EB25AEBC92004E3DEE /* Feed.swift */; };
		7B0997F425AEC20D004E3DEE /* ItunesRemote.swift in Sources */ = {isa = PBXBuildFile; fileRef = 7B0997F325AEC20D004E3DEE /* ItunesRemote.swift */; };
		7B0997FA25AEC7C2004E3DEE /* ArtWork.swift in Sources */ = {isa = PBXBuildFile; fileRef = 7B0997F925AEC7C2004E3DEE /* ArtWork.swift */; };
		7B1DD11625ACD0CB00897A98 /* CompositionalListExampleApp.swift in Sources */ = {isa = PBXBuildFile; fileRef = 7B1DD11525ACD0CB00897A98 /* CompositionalListExampleApp.swift */; };
		7B1DD11825ACD0CB00897A98 /* ContentView.swift in Sources */ = {isa = PBXBuildFile; fileRef = 7B1DD11725ACD0CB00897A98 /* ContentView.swift */; };
		7B1DD11A25ACD0CD00897A98 /* Assets.xcassets in Resources */ = {isa = PBXBuildFile; fileRef = 7B1DD11925ACD0CD00897A98 /* Assets.xcassets */; };
		7B1DD11D25ACD0CD00897A98 /* Preview Assets.xcassets in Resources */ = {isa = PBXBuildFile; fileRef = 7B1DD11C25ACD0CD00897A98 /* Preview Assets.xcassets */; };
		7B1DD12825ACD0CD00897A98 /* CompositionalListExampleTests.swift in Sources */ = {isa = PBXBuildFile; fileRef = 7B1DD12725ACD0CD00897A98 /* CompositionalListExampleTests.swift */; };
		7B1DD13325ACD0CD00897A98 /* CompositionalListExampleUITests.swift in Sources */ = {isa = PBXBuildFile; fileRef = 7B1DD13225ACD0CD00897A98 /* CompositionalListExampleUITests.swift */; };
		7B1DD14525AD1AE500897A98 /* CompositionalList in Frameworks */ = {isa = PBXBuildFile; productRef = 7B1DD14425AD1AE500897A98 /* CompositionalList */; };
		7B1DD1D225AD557300897A98 /* MarvelClient in Frameworks */ = {isa = PBXBuildFile; productRef = 7B1DD1D125AD557300897A98 /* MarvelClient */; };
		7B1DD1E025AD5CF600897A98 /* MarvelProvider.swift in Sources */ = {isa = PBXBuildFile; fileRef = 7B1DD1DF25AD5CF600897A98 /* MarvelProvider.swift */; };
		7B1DD1E825AD5E5700897A98 /* CarachterArtworkView.swift in Sources */ = {isa = PBXBuildFile; fileRef = 7B1DD1E725AD5E5700897A98 /* CarachterArtworkView.swift */; };
		7B1DD1EE25AD5E9400897A98 /* SDWebImageSwiftUI in Frameworks */ = {isa = PBXBuildFile; productRef = 7B1DD1ED25AD5E9400897A98 /* SDWebImageSwiftUI */; };
		7B1DD1F325AD62D600897A98 /* ActivityIndicator.swift in Sources */ = {isa = PBXBuildFile; fileRef = 7B1DD1F225AD62D600897A98 /* ActivityIndicator.swift */; };
/* End PBXBuildFile section */

/* Begin PBXContainerItemProxy section */
		7B1DD12425ACD0CD00897A98 /* PBXContainerItemProxy */ = {
			isa = PBXContainerItemProxy;
			containerPortal = 7B1DD10A25ACD0CB00897A98 /* Project object */;
			proxyType = 1;
			remoteGlobalIDString = 7B1DD11125ACD0CB00897A98;
			remoteInfo = CompositionalListExample;
		};
		7B1DD12F25ACD0CD00897A98 /* PBXContainerItemProxy */ = {
			isa = PBXContainerItemProxy;
			containerPortal = 7B1DD10A25ACD0CB00897A98 /* Project object */;
			proxyType = 1;
			remoteGlobalIDString = 7B1DD11125ACD0CB00897A98;
			remoteInfo = CompositionalListExample;
		};
/* End PBXContainerItemProxy section */

/* Begin PBXFileReference section */
		7B0128F725B65F1F0040B70B /* CustomLayout.swift */ = {isa = PBXFileReference; lastKnownFileType = sourcecode.swift; path = CustomLayout.swift; sourceTree = "<group>"; };
		7B0997D125AEA7B4004E3DEE /* FeedGenerator.swift */ = {isa = PBXFileReference; lastKnownFileType = sourcecode.swift; path = FeedGenerator.swift; sourceTree = "<group>"; };
		7B0997D925AEB7B9004E3DEE /* CombineAPI.swift */ = {isa = PBXFileReference; lastKnownFileType = sourcecode.swift; path = CombineAPI.swift; sourceTree = "<group>"; };
		7B0997DE25AEB8AC004E3DEE /* ItunesClient.swift */ = {isa = PBXFileReference; lastKnownFileType = sourcecode.swift; path = ItunesClient.swift; sourceTree = "<group>"; };
		7B0997E325AEBBA2004E3DEE /* FeedItem.swift */ = {isa = PBXFileReference; lastKnownFileType = sourcecode.swift; path = FeedItem.swift; sourceTree = "<group>"; };
		7B0997EB25AEBC92004E3DEE /* Feed.swift */ = {isa = PBXFileReference; lastKnownFileType = sourcecode.swift; path = Feed.swift; sourceTree = "<group>"; };
		7B0997F325AEC20D004E3DEE /* ItunesRemote.swift */ = {isa = PBXFileReference; lastKnownFileType = sourcecode.swift; path = ItunesRemote.swift; sourceTree = "<group>"; };
		7B0997F925AEC7C2004E3DEE /* ArtWork.swift */ = {isa = PBXFileReference; lastKnownFileType = sourcecode.swift; path = ArtWork.swift; sourceTree = "<group>"; };
		7B1DD11225ACD0CB00897A98 /* CompositionalListExample.app */ = {isa = PBXFileReference; explicitFileType = wrapper.application; includeInIndex = 0; path = CompositionalListExample.app; sourceTree = BUILT_PRODUCTS_DIR; };
		7B1DD11525ACD0CB00897A98 /* CompositionalListExampleApp.swift */ = {isa = PBXFileReference; lastKnownFileType = sourcecode.swift; path = CompositionalListExampleApp.swift; sourceTree = "<group>"; };
		7B1DD11725ACD0CB00897A98 /* ContentView.swift */ = {isa = PBXFileReference; lastKnownFileType = sourcecode.swift; path = ContentView.swift; sourceTree = "<group>"; };
		7B1DD11925ACD0CD00897A98 /* Assets.xcassets */ = {isa = PBXFileReference; lastKnownFileType = folder.assetcatalog; path = Assets.xcassets; sourceTree = "<group>"; };
		7B1DD11C25ACD0CD00897A98 /* Preview Assets.xcassets */ = {isa = PBXFileReference; lastKnownFileType = folder.assetcatalog; path = "Preview Assets.xcassets"; sourceTree = "<group>"; };
		7B1DD11E25ACD0CD00897A98 /* Info.plist */ = {isa = PBXFileReference; lastKnownFileType = text.plist.xml; path = Info.plist; sourceTree = "<group>"; };
		7B1DD12325ACD0CD00897A98 /* CompositionalListExampleTests.xctest */ = {isa = PBXFileReference; explicitFileType = wrapper.cfbundle; includeInIndex = 0; path = CompositionalListExampleTests.xctest; sourceTree = BUILT_PRODUCTS_DIR; };
		7B1DD12725ACD0CD00897A98 /* CompositionalListExampleTests.swift */ = {isa = PBXFileReference; lastKnownFileType = sourcecode.swift; path = CompositionalListExampleTests.swift; sourceTree = "<group>"; };
		7B1DD12925ACD0CD00897A98 /* Info.plist */ = {isa = PBXFileReference; lastKnownFileType = text.plist.xml; path = Info.plist; sourceTree = "<group>"; };
		7B1DD12E25ACD0CD00897A98 /* CompositionalListExampleUITests.xctest */ = {isa = PBXFileReference; explicitFileType = wrapper.cfbundle; includeInIndex = 0; path = CompositionalListExampleUITests.xctest; sourceTree = BUILT_PRODUCTS_DIR; };
		7B1DD13225ACD0CD00897A98 /* CompositionalListExampleUITests.swift */ = {isa = PBXFileReference; lastKnownFileType = sourcecode.swift; path = CompositionalListExampleUITests.swift; sourceTree = "<group>"; };
		7B1DD13425ACD0CD00897A98 /* Info.plist */ = {isa = PBXFileReference; lastKnownFileType = text.plist.xml; path = Info.plist; sourceTree = "<group>"; };
		7B1DD1DF25AD5CF600897A98 /* MarvelProvider.swift */ = {isa = PBXFileReference; lastKnownFileType = sourcecode.swift; path = MarvelProvider.swift; sourceTree = "<group>"; };
		7B1DD1E725AD5E5700897A98 /* CarachterArtworkView.swift */ = {isa = PBXFileReference; lastKnownFileType = sourcecode.swift; path = CarachterArtworkView.swift; sourceTree = "<group>"; };
		7B1DD1F225AD62D600897A98 /* ActivityIndicator.swift */ = {isa = PBXFileReference; lastKnownFileType = sourcecode.swift; path = ActivityIndicator.swift; sourceTree = "<group>"; };
/* End PBXFileReference section */

/* Begin PBXFrameworksBuildPhase section */
		7B1DD10F25ACD0CB00897A98 /* Frameworks */ = {
			isa = PBXFrameworksBuildPhase;
			buildActionMask = 2147483647;
			files = (
				7B1DD1EE25AD5E9400897A98 /* SDWebImageSwiftUI in Frameworks */,
				7B1DD1D225AD557300897A98 /* MarvelClient in Frameworks */,
				7B1DD14525AD1AE500897A98 /* CompositionalList in Frameworks */,
			);
			runOnlyForDeploymentPostprocessing = 0;
		};
		7B1DD12025ACD0CD00897A98 /* Frameworks */ = {
			isa = PBXFrameworksBuildPhase;
			buildActionMask = 2147483647;
			files = (
			);
			runOnlyForDeploymentPostprocessing = 0;
		};
		7B1DD12B25ACD0CD00897A98 /* Frameworks */ = {
			isa = PBXFrameworksBuildPhase;
			buildActionMask = 2147483647;
			files = (
			);
			runOnlyForDeploymentPostprocessing = 0;
		};
/* End PBXFrameworksBuildPhase section */

/* Begin PBXGroup section */
		7B0128F625B65F160040B70B /* Helpers */ = {
			isa = PBXGroup;
			children = (
				7B0128F725B65F1F0040B70B /* CustomLayout.swift */,
			);
			path = Helpers;
			sourceTree = "<group>";
		};
		7B0997CA25AEA734004E3DEE /* Itunes */ = {
			isa = PBXGroup;
			children = (
				7B0997F825AEC7AD004E3DEE /* Views */,
				7B0997CF25AEA772004E3DEE /* Models */,
				7B0997CE25AEA75B004E3DEE /* Networking */,
			);
			path = Itunes;
			sourceTree = "<group>";
		};
		7B0997CE25AEA75B004E3DEE /* Networking */ = {
			isa = PBXGroup;
			children = (
				7B0997D125AEA7B4004E3DEE /* FeedGenerator.swift */,
				7B0997D925AEB7B9004E3DEE /* CombineAPI.swift */,
				7B0997DE25AEB8AC004E3DEE /* ItunesClient.swift */,
				7B0997F325AEC20D004E3DEE /* ItunesRemote.swift */,
			);
			path = Networking;
			sourceTree = "<group>";
		};
		7B0997CF25AEA772004E3DEE /* Models */ = {
			isa = PBXGroup;
			children = (
				7B0997D025AEA777004E3DEE /* Feed */,
			);
			path = Models;
			sourceTree = "<group>";
		};
		7B0997D025AEA777004E3DEE /* Feed */ = {
			isa = PBXGroup;
			children = (
				7B0997E325AEBBA2004E3DEE /* FeedItem.swift */,
				7B0997EB25AEBC92004E3DEE /* Feed.swift */,
			);
			path = Feed;
			sourceTree = "<group>";
		};
		7B0997F825AEC7AD004E3DEE /* Views */ = {
			isa = PBXGroup;
			children = (
				7B0997F925AEC7C2004E3DEE /* ArtWork.swift */,
			);
			path = Views;
			sourceTree = "<group>";
		};
		7B1DD10925ACD0CB00897A98 = {
			isa = PBXGroup;
			children = (
				7B1DD11425ACD0CB00897A98 /* CompositionalListExample */,
				7B1DD12625ACD0CD00897A98 /* CompositionalListExampleTests */,
				7B1DD13125ACD0CD00897A98 /* CompositionalListExampleUITests */,
				7B1DD11325ACD0CB00897A98 /* Products */,
			);
			sourceTree = "<group>";
		};
		7B1DD11325ACD0CB00897A98 /* Products */ = {
			isa = PBXGroup;
			children = (
				7B1DD11225ACD0CB00897A98 /* CompositionalListExample.app */,
				7B1DD12325ACD0CD00897A98 /* CompositionalListExampleTests.xctest */,
				7B1DD12E25ACD0CD00897A98 /* CompositionalListExampleUITests.xctest */,
			);
			name = Products;
			sourceTree = "<group>";
		};
		7B1DD11425ACD0CB00897A98 /* CompositionalListExample */ = {
			isa = PBXGroup;
			children = (
				7B0128F625B65F160040B70B /* Helpers */,
				7B0997CA25AEA734004E3DEE /* Itunes */,
				7B1DD1DE25AD5CD800897A98 /* Marvel */,
				7B1DD11525ACD0CB00897A98 /* CompositionalListExampleApp.swift */,
				7B1DD11725ACD0CB00897A98 /* ContentView.swift */,
				7B1DD1F225AD62D600897A98 /* ActivityIndicator.swift */,
				7B1DD11925ACD0CD00897A98 /* Assets.xcassets */,
				7B1DD11E25ACD0CD00897A98 /* Info.plist */,
				7B1DD11B25ACD0CD00897A98 /* Preview Content */,
			);
			path = CompositionalListExample;
			sourceTree = "<group>";
		};
		7B1DD11B25ACD0CD00897A98 /* Preview Content */ = {
			isa = PBXGroup;
			children = (
				7B1DD11C25ACD0CD00897A98 /* Preview Assets.xcassets */,
			);
			path = "Preview Content";
			sourceTree = "<group>";
		};
		7B1DD12625ACD0CD00897A98 /* CompositionalListExampleTests */ = {
			isa = PBXGroup;
			children = (
				7B1DD12725ACD0CD00897A98 /* CompositionalListExampleTests.swift */,
				7B1DD12925ACD0CD00897A98 /* Info.plist */,
			);
			path = CompositionalListExampleTests;
			sourceTree = "<group>";
		};
		7B1DD13125ACD0CD00897A98 /* CompositionalListExampleUITests */ = {
			isa = PBXGroup;
			children = (
				7B1DD13225ACD0CD00897A98 /* CompositionalListExampleUITests.swift */,
				7B1DD13425ACD0CD00897A98 /* Info.plist */,
			);
			path = CompositionalListExampleUITests;
			sourceTree = "<group>";
		};
		7B1DD1DE25AD5CD800897A98 /* Marvel */ = {
			isa = PBXGroup;
			children = (
				7B1DD1DF25AD5CF600897A98 /* MarvelProvider.swift */,
				7B1DD1E725AD5E5700897A98 /* CarachterArtworkView.swift */,
			);
			path = Marvel;
			sourceTree = "<group>";
		};
/* End PBXGroup section */

/* Begin PBXNativeTarget section */
		7B1DD11125ACD0CB00897A98 /* CompositionalListExample */ = {
			isa = PBXNativeTarget;
			buildConfigurationList = 7B1DD13725ACD0CD00897A98 /* Build configuration list for PBXNativeTarget "CompositionalListExample" */;
			buildPhases = (
				7B1DD10E25ACD0CB00897A98 /* Sources */,
				7B1DD10F25ACD0CB00897A98 /* Frameworks */,
				7B1DD11025ACD0CB00897A98 /* Resources */,
			);
			buildRules = (
			);
			dependencies = (
			);
			name = CompositionalListExample;
			packageProductDependencies = (
				7B1DD14425AD1AE500897A98 /* CompositionalList */,
				7B1DD1D125AD557300897A98 /* MarvelClient */,
				7B1DD1ED25AD5E9400897A98 /* SDWebImageSwiftUI */,
			);
			productName = CompositionalListExample;
			productReference = 7B1DD11225ACD0CB00897A98 /* CompositionalListExample.app */;
			productType = "com.apple.product-type.application";
		};
		7B1DD12225ACD0CD00897A98 /* CompositionalListExampleTests */ = {
			isa = PBXNativeTarget;
			buildConfigurationList = 7B1DD13A25ACD0CD00897A98 /* Build configuration list for PBXNativeTarget "CompositionalListExampleTests" */;
			buildPhases = (
				7B1DD11F25ACD0CD00897A98 /* Sources */,
				7B1DD12025ACD0CD00897A98 /* Frameworks */,
				7B1DD12125ACD0CD00897A98 /* Resources */,
			);
			buildRules = (
			);
			dependencies = (
				7B1DD12525ACD0CD00897A98 /* PBXTargetDependency */,
			);
			name = CompositionalListExampleTests;
			productName = CompositionalListExampleTests;
			productReference = 7B1DD12325ACD0CD00897A98 /* CompositionalListExampleTests.xctest */;
			productType = "com.apple.product-type.bundle.unit-test";
		};
		7B1DD12D25ACD0CD00897A98 /* CompositionalListExampleUITests */ = {
			isa = PBXNativeTarget;
			buildConfigurationList = 7B1DD13D25ACD0CD00897A98 /* Build configuration list for PBXNativeTarget "CompositionalListExampleUITests" */;
			buildPhases = (
				7B1DD12A25ACD0CD00897A98 /* Sources */,
				7B1DD12B25ACD0CD00897A98 /* Frameworks */,
				7B1DD12C25ACD0CD00897A98 /* Resources */,
			);
			buildRules = (
			);
			dependencies = (
				7B1DD13025ACD0CD00897A98 /* PBXTargetDependency */,
			);
			name = CompositionalListExampleUITests;
			productName = CompositionalListExampleUITests;
			productReference = 7B1DD12E25ACD0CD00897A98 /* CompositionalListExampleUITests.xctest */;
			productType = "com.apple.product-type.bundle.ui-testing";
		};
/* End PBXNativeTarget section */

/* Begin PBXProject section */
		7B1DD10A25ACD0CB00897A98 /* Project object */ = {
			isa = PBXProject;
			attributes = {
				LastSwiftUpdateCheck = 1220;
				LastUpgradeCheck = 1220;
				TargetAttributes = {
					7B1DD11125ACD0CB00897A98 = {
						CreatedOnToolsVersion = 12.2;
					};
					7B1DD12225ACD0CD00897A98 = {
						CreatedOnToolsVersion = 12.2;
						TestTargetID = 7B1DD11125ACD0CB00897A98;
					};
					7B1DD12D25ACD0CD00897A98 = {
						CreatedOnToolsVersion = 12.2;
						TestTargetID = 7B1DD11125ACD0CB00897A98;
					};
				};
			};
			buildConfigurationList = 7B1DD10D25ACD0CB00897A98 /* Build configuration list for PBXProject "CompositionalListExample" */;
			compatibilityVersion = "Xcode 9.3";
			developmentRegion = en;
			hasScannedForEncodings = 0;
			knownRegions = (
				en,
				Base,
			);
			mainGroup = 7B1DD10925ACD0CB00897A98;
			packageReferences = (
				7B1DD14325AD1AE500897A98 /* XCRemoteSwiftPackageReference "CompositionalList" */,
				7B1DD1D025AD557300897A98 /* XCRemoteSwiftPackageReference "MarvelClient" */,
				7B1DD1EC25AD5E9400897A98 /* XCRemoteSwiftPackageReference "SDWebImageSwiftUI" */,
			);
			productRefGroup = 7B1DD11325ACD0CB00897A98 /* Products */;
			projectDirPath = "";
			projectRoot = "";
			targets = (
				7B1DD11125ACD0CB00897A98 /* CompositionalListExample */,
				7B1DD12225ACD0CD00897A98 /* CompositionalListExampleTests */,
				7B1DD12D25ACD0CD00897A98 /* CompositionalListExampleUITests */,
			);
		};
/* End PBXProject section */

/* Begin PBXResourcesBuildPhase section */
		7B1DD11025ACD0CB00897A98 /* Resources */ = {
			isa = PBXResourcesBuildPhase;
			buildActionMask = 2147483647;
			files = (
				7B1DD11D25ACD0CD00897A98 /* Preview Assets.xcassets in Resources */,
				7B1DD11A25ACD0CD00897A98 /* Assets.xcassets in Resources */,
			);
			runOnlyForDeploymentPostprocessing = 0;
		};
		7B1DD12125ACD0CD00897A98 /* Resources */ = {
			isa = PBXResourcesBuildPhase;
			buildActionMask = 2147483647;
			files = (
			);
			runOnlyForDeploymentPostprocessing = 0;
		};
		7B1DD12C25ACD0CD00897A98 /* Resources */ = {
			isa = PBXResourcesBuildPhase;
			buildActionMask = 2147483647;
			files = (
			);
			runOnlyForDeploymentPostprocessing = 0;
		};
/* End PBXResourcesBuildPhase section */

/* Begin PBXSourcesBuildPhase section */
		7B1DD10E25ACD0CB00897A98 /* Sources */ = {
			isa = PBXSourcesBuildPhase;
			buildActionMask = 2147483647;
			files = (
				7B0997E425AEBBA2004E3DEE /* FeedItem.swift in Sources */,
				7B0997EC25AEBC92004E3DEE /* Feed.swift in Sources */,
				7B0997F425AEC20D004E3DEE /* ItunesRemote.swift in Sources */,
				7B0997DA25AEB7B9004E3DEE /* CombineAPI.swift in Sources */,
				7B1DD1E025AD5CF600897A98 /* MarvelProvider.swift in Sources */,
				7B1DD1F325AD62D600897A98 /* ActivityIndicator.swift in Sources */,
				7B1DD11825ACD0CB00897A98 /* ContentView.swift in Sources */,
				7B0997DF25AEB8AC004E3DEE /* ItunesClient.swift in Sources */,
				7B0997D225AEA7B4004E3DEE /* FeedGenerator.swift in Sources */,
				7B1DD11625ACD0CB00897A98 /* CompositionalListExampleApp.swift in Sources */,
				7B0997FA25AEC7C2004E3DEE /* ArtWork.swift in Sources */,
				7B0128F825B65F1F0040B70B /* CustomLayout.swift in Sources */,
				7B1DD1E825AD5E5700897A98 /* CarachterArtworkView.swift in Sources */,
			);
			runOnlyForDeploymentPostprocessing = 0;
		};
		7B1DD11F25ACD0CD00897A98 /* Sources */ = {
			isa = PBXSourcesBuildPhase;
			buildActionMask = 2147483647;
			files = (
				7B1DD12825ACD0CD00897A98 /* CompositionalListExampleTests.swift in Sources */,
			);
			runOnlyForDeploymentPostprocessing = 0;
		};
		7B1DD12A25ACD0CD00897A98 /* Sources */ = {
			isa = PBXSourcesBuildPhase;
			buildActionMask = 2147483647;
			files = (
				7B1DD13325ACD0CD00897A98 /* CompositionalListExampleUITests.swift in Sources */,
			);
			runOnlyForDeploymentPostprocessing = 0;
		};
/* End PBXSourcesBuildPhase section */

/* Begin PBXTargetDependency section */
		7B1DD12525ACD0CD00897A98 /* PBXTargetDependency */ = {
			isa = PBXTargetDependency;
			target = 7B1DD11125ACD0CB00897A98 /* CompositionalListExample */;
			targetProxy = 7B1DD12425ACD0CD00897A98 /* PBXContainerItemProxy */;
		};
		7B1DD13025ACD0CD00897A98 /* PBXTargetDependency */ = {
			isa = PBXTargetDependency;
			target = 7B1DD11125ACD0CB00897A98 /* CompositionalListExample */;
			targetProxy = 7B1DD12F25ACD0CD00897A98 /* PBXContainerItemProxy */;
		};
/* End PBXTargetDependency section */

/* Begin XCBuildConfiguration section */
		7B1DD13525ACD0CD00897A98 /* Debug */ = {
			isa = XCBuildConfiguration;
			buildSettings = {
				ALWAYS_SEARCH_USER_PATHS = NO;
				CLANG_ANALYZER_NONNULL = YES;
				CLANG_ANALYZER_NUMBER_OBJECT_CONVERSION = YES_AGGRESSIVE;
				CLANG_CXX_LANGUAGE_STANDARD = "gnu++14";
				CLANG_CXX_LIBRARY = "libc++";
				CLANG_ENABLE_MODULES = YES;
				CLANG_ENABLE_OBJC_ARC = YES;
				CLANG_ENABLE_OBJC_WEAK = YES;
				CLANG_WARN_BLOCK_CAPTURE_AUTORELEASING = YES;
				CLANG_WARN_BOOL_CONVERSION = YES;
				CLANG_WARN_COMMA = YES;
				CLANG_WARN_CONSTANT_CONVERSION = YES;
				CLANG_WARN_DEPRECATED_OBJC_IMPLEMENTATIONS = YES;
				CLANG_WARN_DIRECT_OBJC_ISA_USAGE = YES_ERROR;
				CLANG_WARN_DOCUMENTATION_COMMENTS = YES;
				CLANG_WARN_EMPTY_BODY = YES;
				CLANG_WARN_ENUM_CONVERSION = YES;
				CLANG_WARN_INFINITE_RECURSION = YES;
				CLANG_WARN_INT_CONVERSION = YES;
				CLANG_WARN_NON_LITERAL_NULL_CONVERSION = YES;
				CLANG_WARN_OBJC_IMPLICIT_RETAIN_SELF = YES;
				CLANG_WARN_OBJC_LITERAL_CONVERSION = YES;
				CLANG_WARN_OBJC_ROOT_CLASS = YES_ERROR;
				CLANG_WARN_QUOTED_INCLUDE_IN_FRAMEWORK_HEADER = YES;
				CLANG_WARN_RANGE_LOOP_ANALYSIS = YES;
				CLANG_WARN_STRICT_PROTOTYPES = YES;
				CLANG_WARN_SUSPICIOUS_MOVE = YES;
				CLANG_WARN_UNGUARDED_AVAILABILITY = YES_AGGRESSIVE;
				CLANG_WARN_UNREACHABLE_CODE = YES;
				CLANG_WARN__DUPLICATE_METHOD_MATCH = YES;
				COPY_PHASE_STRIP = NO;
				DEBUG_INFORMATION_FORMAT = dwarf;
				ENABLE_STRICT_OBJC_MSGSEND = YES;
				ENABLE_TESTABILITY = YES;
				GCC_C_LANGUAGE_STANDARD = gnu11;
				GCC_DYNAMIC_NO_PIC = NO;
				GCC_NO_COMMON_BLOCKS = YES;
				GCC_OPTIMIZATION_LEVEL = 0;
				GCC_PREPROCESSOR_DEFINITIONS = (
					"DEBUG=1",
					"$(inherited)",
				);
				GCC_WARN_64_TO_32_BIT_CONVERSION = YES;
				GCC_WARN_ABOUT_RETURN_TYPE = YES_ERROR;
				GCC_WARN_UNDECLARED_SELECTOR = YES;
				GCC_WARN_UNINITIALIZED_AUTOS = YES_AGGRESSIVE;
				GCC_WARN_UNUSED_FUNCTION = YES;
				GCC_WARN_UNUSED_VARIABLE = YES;
				IPHONEOS_DEPLOYMENT_TARGET = 14.2;
				MTL_ENABLE_DEBUG_INFO = INCLUDE_SOURCE;
				MTL_FAST_MATH = YES;
				ONLY_ACTIVE_ARCH = YES;
				SDKROOT = iphoneos;
				SWIFT_ACTIVE_COMPILATION_CONDITIONS = DEBUG;
				SWIFT_OPTIMIZATION_LEVEL = "-Onone";
			};
			name = Debug;
		};
		7B1DD13625ACD0CD00897A98 /* Release */ = {
			isa = XCBuildConfiguration;
			buildSettings = {
				ALWAYS_SEARCH_USER_PATHS = NO;
				CLANG_ANALYZER_NONNULL = YES;
				CLANG_ANALYZER_NUMBER_OBJECT_CONVERSION = YES_AGGRESSIVE;
				CLANG_CXX_LANGUAGE_STANDARD = "gnu++14";
				CLANG_CXX_LIBRARY = "libc++";
				CLANG_ENABLE_MODULES = YES;
				CLANG_ENABLE_OBJC_ARC = YES;
				CLANG_ENABLE_OBJC_WEAK = YES;
				CLANG_WARN_BLOCK_CAPTURE_AUTORELEASING = YES;
				CLANG_WARN_BOOL_CONVERSION = YES;
				CLANG_WARN_COMMA = YES;
				CLANG_WARN_CONSTANT_CONVERSION = YES;
				CLANG_WARN_DEPRECATED_OBJC_IMPLEMENTATIONS = YES;
				CLANG_WARN_DIRECT_OBJC_ISA_USAGE = YES_ERROR;
				CLANG_WARN_DOCUMENTATION_COMMENTS = YES;
				CLANG_WARN_EMPTY_BODY = YES;
				CLANG_WARN_ENUM_CONVERSION = YES;
				CLANG_WARN_INFINITE_RECURSION = YES;
				CLANG_WARN_INT_CONVERSION = YES;
				CLANG_WARN_NON_LITERAL_NULL_CONVERSION = YES;
				CLANG_WARN_OBJC_IMPLICIT_RETAIN_SELF = YES;
				CLANG_WARN_OBJC_LITERAL_CONVERSION = YES;
				CLANG_WARN_OBJC_ROOT_CLASS = YES_ERROR;
				CLANG_WARN_QUOTED_INCLUDE_IN_FRAMEWORK_HEADER = YES;
				CLANG_WARN_RANGE_LOOP_ANALYSIS = YES;
				CLANG_WARN_STRICT_PROTOTYPES = YES;
				CLANG_WARN_SUSPICIOUS_MOVE = YES;
				CLANG_WARN_UNGUARDED_AVAILABILITY = YES_AGGRESSIVE;
				CLANG_WARN_UNREACHABLE_CODE = YES;
				CLANG_WARN__DUPLICATE_METHOD_MATCH = YES;
				COPY_PHASE_STRIP = NO;
				DEBUG_INFORMATION_FORMAT = "dwarf-with-dsym";
				ENABLE_NS_ASSERTIONS = NO;
				ENABLE_STRICT_OBJC_MSGSEND = YES;
				GCC_C_LANGUAGE_STANDARD = gnu11;
				GCC_NO_COMMON_BLOCKS = YES;
				GCC_WARN_64_TO_32_BIT_CONVERSION = YES;
				GCC_WARN_ABOUT_RETURN_TYPE = YES_ERROR;
				GCC_WARN_UNDECLARED_SELECTOR = YES;
				GCC_WARN_UNINITIALIZED_AUTOS = YES_AGGRESSIVE;
				GCC_WARN_UNUSED_FUNCTION = YES;
				GCC_WARN_UNUSED_VARIABLE = YES;
				IPHONEOS_DEPLOYMENT_TARGET = 14.2;
				MTL_ENABLE_DEBUG_INFO = NO;
				MTL_FAST_MATH = YES;
				SDKROOT = iphoneos;
				SWIFT_COMPILATION_MODE = wholemodule;
				SWIFT_OPTIMIZATION_LEVEL = "-O";
				VALIDATE_PRODUCT = YES;
			};
			name = Release;
		};
		7B1DD13825ACD0CD00897A98 /* Debug */ = {
			isa = XCBuildConfiguration;
			buildSettings = {
				ASSETCATALOG_COMPILER_APPICON_NAME = AppIcon;
				ASSETCATALOG_COMPILER_GLOBAL_ACCENT_COLOR_NAME = AccentColor;
				CODE_SIGN_STYLE = Automatic;
				DEVELOPMENT_ASSET_PATHS = "\"CompositionalListExample/Preview Content\"";
				DEVELOPMENT_TEAM = CQ45U4X9K3;
				ENABLE_PREVIEWS = YES;
				INFOPLIST_FILE = CompositionalListExample/Info.plist;
				IPHONEOS_DEPLOYMENT_TARGET = 14.0;
				LD_RUNPATH_SEARCH_PATHS = (
					"$(inherited)",
					"@executable_path/Frameworks",
				);
				PRODUCT_BUNDLE_IDENTIFIER = jamesrochabrun.CompositionalListExample;
				PRODUCT_NAME = "$(TARGET_NAME)";
				SWIFT_VERSION = 5.0;
				TARGETED_DEVICE_FAMILY = "1,2";
			};
			name = Debug;
		};
		7B1DD13925ACD0CD00897A98 /* Release */ = {
			isa = XCBuildConfiguration;
			buildSettings = {
				ASSETCATALOG_COMPILER_APPICON_NAME = AppIcon;
				ASSETCATALOG_COMPILER_GLOBAL_ACCENT_COLOR_NAME = AccentColor;
				CODE_SIGN_STYLE = Automatic;
				DEVELOPMENT_ASSET_PATHS = "\"CompositionalListExample/Preview Content\"";
				DEVELOPMENT_TEAM = CQ45U4X9K3;
				ENABLE_PREVIEWS = YES;
				INFOPLIST_FILE = CompositionalListExample/Info.plist;
				IPHONEOS_DEPLOYMENT_TARGET = 14.0;
				LD_RUNPATH_SEARCH_PATHS = (
					"$(inherited)",
					"@executable_path/Frameworks",
				);
				PRODUCT_BUNDLE_IDENTIFIER = jamesrochabrun.CompositionalListExample;
				PRODUCT_NAME = "$(TARGET_NAME)";
				SWIFT_VERSION = 5.0;
				TARGETED_DEVICE_FAMILY = "1,2";
			};
			name = Release;
		};
		7B1DD13B25ACD0CD00897A98 /* Debug */ = {
			isa = XCBuildConfiguration;
			buildSettings = {
				ALWAYS_EMBED_SWIFT_STANDARD_LIBRARIES = YES;
				BUNDLE_LOADER = "$(TEST_HOST)";
				CODE_SIGN_STYLE = Automatic;
				DEVELOPMENT_TEAM = CQ45U4X9K3;
				INFOPLIST_FILE = CompositionalListExampleTests/Info.plist;
				IPHONEOS_DEPLOYMENT_TARGET = 14.0;
				LD_RUNPATH_SEARCH_PATHS = (
					"$(inherited)",
					"@executable_path/Frameworks",
					"@loader_path/Frameworks",
				);
				PRODUCT_BUNDLE_IDENTIFIER = jamesrochabrun.CompositionalListExampleTests;
				PRODUCT_NAME = "$(TARGET_NAME)";
				SWIFT_VERSION = 5.0;
				TARGETED_DEVICE_FAMILY = "1,2";
				TEST_HOST = "$(BUILT_PRODUCTS_DIR)/CompositionalListExample.app/CompositionalListExample";
			};
			name = Debug;
		};
		7B1DD13C25ACD0CD00897A98 /* Release */ = {
			isa = XCBuildConfiguration;
			buildSettings = {
				ALWAYS_EMBED_SWIFT_STANDARD_LIBRARIES = YES;
				BUNDLE_LOADER = "$(TEST_HOST)";
				CODE_SIGN_STYLE = Automatic;
				DEVELOPMENT_TEAM = CQ45U4X9K3;
				INFOPLIST_FILE = CompositionalListExampleTests/Info.plist;
				IPHONEOS_DEPLOYMENT_TARGET = 14.0;
				LD_RUNPATH_SEARCH_PATHS = (
					"$(inherited)",
					"@executable_path/Frameworks",
					"@loader_path/Frameworks",
				);
				PRODUCT_BUNDLE_IDENTIFIER = jamesrochabrun.CompositionalListExampleTests;
				PRODUCT_NAME = "$(TARGET_NAME)";
				SWIFT_VERSION = 5.0;
				TARGETED_DEVICE_FAMILY = "1,2";
				TEST_HOST = "$(BUILT_PRODUCTS_DIR)/CompositionalListExample.app/CompositionalListExample";
			};
			name = Release;
		};
		7B1DD13E25ACD0CD00897A98 /* Debug */ = {
			isa = XCBuildConfiguration;
			buildSettings = {
				ALWAYS_EMBED_SWIFT_STANDARD_LIBRARIES = YES;
				CODE_SIGN_STYLE = Automatic;
				DEVELOPMENT_TEAM = CQ45U4X9K3;
				INFOPLIST_FILE = CompositionalListExampleUITests/Info.plist;
				LD_RUNPATH_SEARCH_PATHS = (
					"$(inherited)",
					"@executable_path/Frameworks",
					"@loader_path/Frameworks",
				);
				PRODUCT_BUNDLE_IDENTIFIER = jamesrochabrun.CompositionalListExampleUITests;
				PRODUCT_NAME = "$(TARGET_NAME)";
				SWIFT_VERSION = 5.0;
				TARGETED_DEVICE_FAMILY = "1,2";
				TEST_TARGET_NAME = CompositionalListExample;
			};
			name = Debug;
		};
		7B1DD13F25ACD0CD00897A98 /* Release */ = {
			isa = XCBuildConfiguration;
			buildSettings = {
				ALWAYS_EMBED_SWIFT_STANDARD_LIBRARIES = YES;
				CODE_SIGN_STYLE = Automatic;
				DEVELOPMENT_TEAM = CQ45U4X9K3;
				INFOPLIST_FILE = CompositionalListExampleUITests/Info.plist;
				LD_RUNPATH_SEARCH_PATHS = (
					"$(inherited)",
					"@executable_path/Frameworks",
					"@loader_path/Frameworks",
				);
				PRODUCT_BUNDLE_IDENTIFIER = jamesrochabrun.CompositionalListExampleUITests;
				PRODUCT_NAME = "$(TARGET_NAME)";
				SWIFT_VERSION = 5.0;
				TARGETED_DEVICE_FAMILY = "1,2";
				TEST_TARGET_NAME = CompositionalListExample;
			};
			name = Release;
		};
/* End XCBuildConfiguration section */

/* Begin XCConfigurationList section */
		7B1DD10D25ACD0CB00897A98 /* Build configuration list for PBXProject "CompositionalListExample" */ = {
			isa = XCConfigurationList;
			buildConfigurations = (
				7B1DD13525ACD0CD00897A98 /* Debug */,
				7B1DD13625ACD0CD00897A98 /* Release */,
			);
			defaultConfigurationIsVisible = 0;
			defaultConfigurationName = Release;
		};
		7B1DD13725ACD0CD00897A98 /* Build configuration list for PBXNativeTarget "CompositionalListExample" */ = {
			isa = XCConfigurationList;
			buildConfigurations = (
				7B1DD13825ACD0CD00897A98 /* Debug */,
				7B1DD13925ACD0CD00897A98 /* Release */,
			);
			defaultConfigurationIsVisible = 0;
			defaultConfigurationName = Release;
		};
		7B1DD13A25ACD0CD00897A98 /* Build configuration list for PBXNativeTarget "CompositionalListExampleTests" */ = {
			isa = XCConfigurationList;
			buildConfigurations = (
				7B1DD13B25ACD0CD00897A98 /* Debug */,
				7B1DD13C25ACD0CD00897A98 /* Release */,
			);
			defaultConfigurationIsVisible = 0;
			defaultConfigurationName = Release;
		};
		7B1DD13D25ACD0CD00897A98 /* Build configuration list for PBXNativeTarget "CompositionalListExampleUITests" */ = {
			isa = XCConfigurationList;
			buildConfigurations = (
				7B1DD13E25ACD0CD00897A98 /* Debug */,
				7B1DD13F25ACD0CD00897A98 /* Release */,
			);
			defaultConfigurationIsVisible = 0;
			defaultConfigurationName = Release;
		};
/* End XCConfigurationList section */

/* Begin XCRemoteSwiftPackageReference section */
		7B1DD14325AD1AE500897A98 /* XCRemoteSwiftPackageReference "CompositionalList" */ = {
			isa = XCRemoteSwiftPackageReference;
			repositoryURL = "https://github.com/jamesrochabrun/CompositionalList";
			requirement = {
				kind = upToNextMajorVersion;
				minimumVersion = 1.0.0;
			};
		};
		7B1DD1D025AD557300897A98 /* XCRemoteSwiftPackageReference "MarvelClient" */ = {
			isa = XCRemoteSwiftPackageReference;
			repositoryURL = "https://github.com/jamesrochabrun/MarvelClient";
			requirement = {
				kind = upToNextMajorVersion;
				minimumVersion = 1.0.0;
			};
		};
		7B1DD1EC25AD5E9400897A98 /* XCRemoteSwiftPackageReference "SDWebImageSwiftUI" */ = {
			isa = XCRemoteSwiftPackageReference;
			repositoryURL = "https://github.com/SDWebImage/SDWebImageSwiftUI";
			requirement = {
				kind = upToNextMajorVersion;
				minimumVersion = 1.5.0;
			};
		};
/* End XCRemoteSwiftPackageReference section */

/* Begin XCSwiftPackageProductDependency section */
		7B1DD14425AD1AE500897A98 /* CompositionalList */ = {
			isa = XCSwiftPackageProductDependency;
			package = 7B1DD14325AD1AE500897A98 /* XCRemoteSwiftPackageReference "CompositionalList" */;
			productName = CompositionalList;
		};
		7B1DD1D125AD557300897A98 /* MarvelClient */ = {
			isa = XCSwiftPackageProductDependency;
			package = 7B1DD1D025AD557300897A98 /* XCRemoteSwiftPackageReference "MarvelClient" */;
			productName = MarvelClient;
		};
		7B1DD1ED25AD5E9400897A98 /* SDWebImageSwiftUI */ = {
			isa = XCSwiftPackageProductDependency;
			package = 7B1DD1EC25AD5E9400897A98 /* XCRemoteSwiftPackageReference "SDWebImageSwiftUI" */;
			productName = SDWebImageSwiftUI;
		};
/* End XCSwiftPackageProductDependency section */
	};
	rootObject = 7B1DD10A25ACD0CB00897A98 /* Project object */;
}
